{
    "requires": true,
    "lockfileVersion": 1,
    "dependencies": {
        "@ckeditor/ckeditor5-basic-styles": {
            "version": "11.1.4",
            "resolved": "https://registry.npmjs.org/@ckeditor/ckeditor5-basic-styles/-/ckeditor5-basic-styles-11.1.4.tgz",
            "integrity": "sha512-ww+I0LPlPrd0xAJz/GV1TFUT/za85G9nbQ8mgqz2CikCDyFnMd4ZyLiqg/v12PrMQ/bU7Gnei2P6xpUVpq3x8Q==",
            "requires": {
                "@ckeditor/ckeditor5-core": "12.3.0",
                "@ckeditor/ckeditor5-ui": "14.0.0"
            }
        },
        "@ckeditor/ckeditor5-build-classic": {
            "version": "12.4.0",
            "resolved": "https://registry.npmjs.org/@ckeditor/ckeditor5-build-classic/-/ckeditor5-build-classic-12.4.0.tgz",
            "integrity": "sha512-KzndcFz45e96z/ErToABYFf7mtcHyPCyNzzobAkpBRzKqBoS0CMDmLjHWWnL0ite39oidgBJ7PXt+iRl7p+5jA=="
        },
        "@ckeditor/ckeditor5-core": {
            "version": "12.3.0",
            "resolved": "https://registry.npmjs.org/@ckeditor/ckeditor5-core/-/ckeditor5-core-12.3.0.tgz",
            "integrity": "sha512-uUK+snI1G9b/kHOqULpEM+b3PCppQOOGkBg+eP/xggn3WPn33u2eh44RPpArsjx80dg5GWx+uj6E7OFdPylHLA==",
            "requires": {
                "@ckeditor/ckeditor5-engine": "14.0.0",
                "@ckeditor/ckeditor5-utils": "14.0.0",
                "lodash-es": "4.17.15"
            }
        },
        "@ckeditor/ckeditor5-engine": {
            "version": "14.0.0",
            "resolved": "https://registry.npmjs.org/@ckeditor/ckeditor5-engine/-/ckeditor5-engine-14.0.0.tgz",
            "integrity": "sha512-Y9EWmWwJ6anckAdSDhAFkMryz494y2LsBlF9o/wY3ChwfpEODpaaADBh22yFqQp6PXrFvk4LmAOJeOyTeA13FA==",
            "requires": {
                "@ckeditor/ckeditor5-utils": "14.0.0",
                "lodash-es": "4.17.15"
            }
        },
        "@ckeditor/ckeditor5-link": {
            "version": "11.1.2",
            "resolved": "https://registry.npmjs.org/@ckeditor/ckeditor5-link/-/ckeditor5-link-11.1.2.tgz",
            "integrity": "sha512-0XPGEhg8wgHlIyxUZqk8mgFYpMwZ1JrzhccWPddR1QDz0hWMb3GGQ1tSD0k6PlGdFeMWsjmvuhm9MwHBDn54qg==",
            "requires": {
                "@ckeditor/ckeditor5-core": "12.3.0",
                "@ckeditor/ckeditor5-engine": "14.0.0",
                "@ckeditor/ckeditor5-ui": "14.0.0",
                "lodash-es": "4.17.15"
            }
        },
        "@ckeditor/ckeditor5-theme-lark": {
            "version": "14.2.0",
            "resolved": "https://registry.npmjs.org/@ckeditor/ckeditor5-theme-lark/-/ckeditor5-theme-lark-14.2.0.tgz",
            "integrity": "sha512-ImjYzW99Xxl73K/Acw0m6gvBJBNswjTdJsRRsEFKX0u1Qc0qeSMGSRBjsMaWm1PBvvubUAPthQbTL7ZwTkj/6w==",
            "requires": {
                "@ckeditor/ckeditor5-ui": "14.0.0"
            }
        },
        "@ckeditor/ckeditor5-ui": {
            "version": "14.0.0",
            "resolved": "https://registry.npmjs.org/@ckeditor/ckeditor5-ui/-/ckeditor5-ui-14.0.0.tgz",
            "integrity": "sha512-zV4o4K5zUMcDr2q3Mmohisb2VTNFFsJ4BvhUt6jCNgM0kD6M4BwalmG7XdaXWMqOh15iqLC4f0p93/6DloyD+Q==",
            "requires": {
                "@ckeditor/ckeditor5-core": "12.3.0",
                "@ckeditor/ckeditor5-utils": "14.0.0",
                "lodash-es": "4.17.15"
            }
        },
        "@ckeditor/ckeditor5-utils": {
            "version": "14.0.0",
            "resolved": "https://registry.npmjs.org/@ckeditor/ckeditor5-utils/-/ckeditor5-utils-14.0.0.tgz",
            "integrity": "sha512-JC9sDlRbvmhL+Gqpq4HPZkrnpMFgEwlkVNUd2RKD/heOvzdpMfpLnIFpdXi1ohx/LQHDC9GZce0t6NJM5PbGoA==",
            "requires": {
                "ckeditor5": "12.4.0",
                "lodash-es": "4.17.15"
            }
        },
        "@ckeditor/ckeditor5-vue": {
            "version": "1.0.0",
            "resolved": "https://registry.npmjs.org/@ckeditor/ckeditor5-vue/-/ckeditor5-vue-1.0.0.tgz",
            "integrity": "sha512-rrwuRQ/vHPnBDBhgOj/0y0QlJTmTJwPWF9QbyxJ/ThPFE8U8823HGZ6wKOCtXOzuNmGvFkXRKQULpXupo4URRw=="
        },
        "@johmun/vue-tags-input": {
            "version": "2.1.0",
            "resolved": "https://registry.npmjs.org/@johmun/vue-tags-input/-/vue-tags-input-2.1.0.tgz",
            "integrity": "sha512-Fdwfss/TqCqMJbGAkmlzKbcG/ia1MstYjhqPBj+zG7h/166tIcE1TIftUxhT9LZ+RWjRSG0EFA1UyaHQSr3k3Q==",
            "requires": {
                "vue": "2.6.10"
            }
        },
        "ckeditor5": {
            "version": "12.4.0",
            "resolved": "https://registry.npmjs.org/ckeditor5/-/ckeditor5-12.4.0.tgz",
            "integrity": "sha512-gd6PGm3pId5KibAZNvACc5NN657xP0IEyqziRI0tBFnLyXgDjw3e8Uu2zkIEUbxPR2vXG1J7PoqS9ZxJuE9XTQ=="
        },
        "lodash-es": {
            "version": "4.17.15",
            "resolved": "https://registry.npmjs.org/lodash-es/-/lodash-es-4.17.15.tgz",
            "integrity": "sha512-rlrc3yU3+JNOpZ9zj5pQtxnx2THmvRykwL4Xlxoa8I9lHBlVbbyPhgyPMioxVZ4NqyxaVVtaJnzsyOidQIhyyQ=="
        },
        "vue": {
            "version": "2.6.10",
            "resolved": "https://registry.npmjs.org/vue/-/vue-2.6.10.tgz",
            "integrity": "sha512-ImThpeNU9HbdZL3utgMCq0oiMzAkt1mcgy3/E6zWC/G6AaQoeuFdsl9nDhTDU3X1R6FK7nsIUuRACVcjI+A2GQ=="
        }
    }
}
